<?xml version="1.0" encoding="utf-8"?>
<Project ToolsVersion="4.0" xmlns="http://schemas.microsoft.com/developer/msbuild/2003">
  <ItemGroup>
    <Filter Include="Source Files">
      <UniqueIdentifier>{4FC737F1-C7A5-4376-A066-2A32D752A2FF}</UniqueIdentifier>
      <Extensions>cpp;c;cc;cxx;c++;cppm;ixx;def;odl;idl;hpj;bat;asm;asmx</Extensions>
    </Filter>
    <Filter Include="Header Files">
      <UniqueIdentifier>{93995380-89BD-4b04-88EB-625FBE52EBFB}</UniqueIdentifier>
      <Extensions>h;hh;hpp;hxx;h++;hm;inl;inc;ipp;xsd</Extensions>
    </Filter>
    <Filter Include="Resource Files">
      <UniqueIdentifier>{67DA6AB6-F800-4c08-8B7A-83BB121AAD01}</UniqueIdentifier>
      <Extensions>rc;ico;cur;bmp;dlg;rc2;rct;bin;rgs;gif;jpg;jpeg;jpe;resx;tiff;tif;png;wav;mfcribbon-ms</Extensions>
    </Filter>
  </ItemGroup>
  <ItemGroup>
    <ClCompile Include="A1_1_kazuate.cpp">
      <Filter>Resource Files</Filter>
    </ClCompile>
    <ClCompile Include="A1_2_array.cpp">
      <Filter>Resource Files</Filter>
    </ClCompile>
    <ClCompile Include="A2_1_backspace.cpp">
      <Filter>Resource Files</Filter>
    </ClCompile>
    <ClCompile Include="A2_2_Return.cpp">
      <Filter>Resource Files</Filter>
    </ClCompile>
    <ClCompile Include="A2_3_CountDown.cpp">
      <Filter>Resource Files</Filter>
    </ClCompile>
    <ClCompile Include="A2_4_mental.cpp">
      <Filter>Resource Files</Filter>
    </ClCompile>
    <ClCompile Include="A2_5_elastic.cpp">
      <Filter>Resource Files</Filter>
    </ClCompile>
    <ClCompile Include="A2_6_stair1.cpp">
      <Filter>Resource Files</Filter>
    </ClCompile>
    <ClCompile Include="A2_7_vision.cpp">
      <Filter>Resource Files</Filter>
    </ClCompile>
    <ClCompile Include="A3_1_jyanken1.cpp">
      <Filter>Resource Files</Filter>
    </ClCompile>
    <ClCompile Include="A3_2_strdump.cpp">
      <Filter>Resource Files</Filter>
    </ClCompile>
    <ClCompile Include="A3_3_jyanken4.cpp">
      <Filter>Resource Files</Filter>
    </ClCompile>
    <ClCompile Include="A4_1_make4digits.cpp">
      <Filter>Resource Files</Filter>
    </ClCompile>
    <ClCompile Include="A4_2_check.cpp">
      <Filter>Resource Files</Filter>
    </ClCompile>
    <ClCompile Include="A4_3_jugde.cpp">
      <Filter>Resource Files</Filter>
    </ClCompile>
    <ClCompile Include="A4_4_mastermind.cpp">
      <Filter>Resource Files</Filter>
    </ClCompile>
    <ClCompile Include="A5_1_kiokud.cpp">
      <Filter>Resource Files</Filter>
    </ClCompile>
    <ClCompile Include="A5_2_kiokud1.cpp">
      <Filter>Resource Files</Filter>
    </ClCompile>
    <ClCompile Include="A5_3_kiokud2.cpp">
      <Filter>Resource Files</Filter>
    </ClCompile>
    <ClCompile Include="A5_4_plusone.cpp">
      <Filter>Resource Files</Filter>
    </ClCompile>
    <ClCompile Include="A5_5_plusone2.cpp">
      <Filter>Resource Files</Filter>
    </ClCompile>
    <ClCompile Include="A5_6_plusone3.cpp">
      <Filter>Resource Files</Filter>
    </ClCompile>
    <ClCompile Include="A5_7_plusone4.cpp">
      <Filter>Resource Files</Filter>
    </ClCompile>
    <ClCompile Include="A6_1_week.c">
      <Filter>Resource Files</Filter>
    </ClCompile>
    <ClCompile Include="A6_2_Calendar.c">
      <Filter>Resource Files</Filter>
    </ClCompile>
    <ClCompile Include="A6_4_commandArgument.c">
      <Filter>Resource Files</Filter>
    </ClCompile>
    <ClCompile Include="A7_1_num.cpp">
      <Filter>Resource Files</Filter>
    </ClCompile>
    <ClCompile Include="A7_2_changeCFuntion.cpp">
      <Filter>Resource Files</Filter>
    </ClCompile>
    <ClCompile Include="A7_3_VSUM.c">
      <Filter>Resource Files</Filter>
    </ClCompile>
  </ItemGroup>
  <ItemGroup>
    <None Include="hw.dat">
      <Filter>Source Files</Filter>
    </None>
    <None Include="wr.dat">
      <Filter>Source Files</Filter>
    </None>
    <None Include="wc.dat">
      <Filter>Source Files</Filter>
    </None>
  </ItemGroup>
  <ItemGroup>
    <ClInclude Include="test.h">
      <Filter>Resource Files</Filter>
    </ClInclude>
  </ItemGroup>
</Project>